version = 1
revision = 3
requires-python = ">=3.8"
resolution-markers = [
    "python_full_version >= '3.9'",
    "python_full_version < '3.9'",
]

[[package]]
name = "editorconfig"
version = "0.17.0"
source = { registry = "https://pypi.org/simple" }
resolution-markers = [
    "python_full_version < '3.9'",
]
sdist = { url = "https://files.pythonhosted.org/packages/b4/29/785595a0d8b30ab8d2486559cfba1d46487b8dcbd99f74960b6b4cca92a4/editorconfig-0.17.0.tar.gz", hash = "sha256:8739052279699840065d3a9f5c125d7d5a98daeefe53b0e5274261d77cb49aa2", size = 13369, upload-time = "2024-12-12T21:04:21.278Z" }
wheels = [
    { url = "https://files.pythonhosted.org/packages/af/e5/8dba39ea24ca3de0e954e668107692f4dfc13a85300a531fa9a39e83fde4/EditorConfig-0.17.0-py3-none-any.whl", hash = "sha256:fe491719c5f65959ec00b167d07740e7ffec9a3f362038c72b289330b9991dfc", size = 16276, upload-time = "2024-12-12T21:04:01.098Z" },
]

[[package]]
name = "editorconfig"
version = "0.17.1"
source = { registry = "https://pypi.org/simple" }
resolution-markers = [
    "python_full_version >= '3.9'",
]
sdist = { url = "https://files.pythonhosted.org/packages/88/3a/a61d9a1f319a186b05d14df17daea42fcddea63c213bcd61a929fb3a6796/editorconfig-0.17.1.tar.gz", hash = "sha256:23c08b00e8e08cc3adcddb825251c497478df1dada6aefeb01e626ad37303745", size = 14695, upload-time = "2025-06-09T08:21:37.097Z" }
wheels = [
    { url = "https://files.pythonhosted.org/packages/96/fd/a40c621ff207f3ce8e484aa0fc8ba4eb6e3ecf52e15b42ba764b457a9550/editorconfig-0.17.1-py3-none-any.whl", hash = "sha256:1eda9c2c0db8c16dbd50111b710572a5e6de934e39772de1959d41f64fc17c82", size = 16360, upload-time = "2025-06-09T08:21:35.654Z" },
]

[[package]]
name = "jsbeautifier"
version = "2.0.3"
source = { registry = "https://pypi.org/simple" }
dependencies = [
    { name = "editorconfig", version = "0.17.0", source = { registry = "https://pypi.org/simple" }, marker = "python_full_version < '3.9'" },
    { name = "editorconfig", version = "0.17.1", source = { registry = "https://pypi.org/simple" }, marker = "python_full_version >= '3.9'" },
]
sdist = { url = "https://files.pythonhosted.org/packages/2e/81/e0e11e305caa89831a0c8e555638d588c28b426d1105e734e113b00efd5d/jsbeautifier-2.0.3.tar.gz", hash = "sha256:9579d4e9dbaa00383f3efdff4c98c8140bb85ba319398e8b97cdaba27abd6ba3", size = 74659, upload-time = "2026-06-30T15:41:13.691Z" }
wheels = [
    { url = "https://files.pythonhosted.org/packages/51/0b/607e06204b207c29a86759c763624aabbdd16613844564536847d71ad461/jsbeautifier-2.0.3-py3-none-any.whl", hash = "sha256:f0190e279a2cdb827556ada63f41c9c63c11f8116ee06e264b24aa50311cbee3", size = 93877, upload-time = "2026-06-30T15:41:11.731Z" },
]

[[package]]
name = "scholar-pdf-patcher"
version = "0.5.3.4"
source = { editable = "." }
dependencies = [
    { name = "jsbeautifier" },
]

[package.metadata]
requires-dist = [{ name = "jsbeautifier", specifier = ">=1.15.1" }]
